
Microsoft Visual Studio Solution File, Format Version 11.00
# Visual Studio 2010
Project("{F184B08F-C81C-45F6-A57F-5ABD9991F28F}") = "Assignment_2", "Assignment_1_IS_314_Jeremiah_Isaacson\Assignment_2.vbproj", "{5231EDAE-F9B7-4B62-B279-6CD6A8ABDD65}"
EndProject
Global
	GlobalSection(SolutionConfigurationPlatforms) = preSolution
		Debug|Any CPU = Debug|Any CPU
		Release|Any CPU = Release|Any CPU
	EndGlobalSection
	GlobalSection(ProjectConfigurationPlatforms) = postSolution
		{5231EDAE-F9B7-4B62-B279-6CD6A8ABDD65}.Debug|Any CPU.ActiveCfg = Debug|Any CPU
		{5231EDAE-F9B7-4B62-B279-6CD6A8ABDD65}.Debug|Any CPU.Build.0 = Debug|Any CPU
		{5231EDAE-F9B7-4B62-B279-6CD6A8ABDD65}.Release|Any CPU.ActiveCfg = Release|Any CPU
		{5231EDAE-F9B7-4B62-B279-6CD6A8ABDD65}.Release|Any CPU.Build.0 = Release|Any CPU
	EndGlobalSection
	GlobalSection(SolutionProperties) = preSolution
		HideSolutionNode = FALSE
	EndGlobalSection
EndGlobal
